
Microsoft Visual Studio Solution File, Format Version 12.00
# Visual Studio Version 16
VisualStudioVersion = 16.0.29209.62
MinimumVisualStudioVersion = 10.0.40219.1
Project("{8BC9CEB8-8B4A-11D0-8D11-00A0C91BC942}") = "Encryptor", "Encryptor\Encryptor.vcxproj", "{619E9FE0-B767-48CA-A784-8A4EAA7D0FD1}"
EndProject
Global
	GlobalSection(SolutionConfigurationPlatforms) = preSolution
		Debug|x64 = Debug|x64
		Debug|x86 = Debug|x86
		Release|x64 = Release|x64
		Release|x86 = Release|x86
	EndGlobalSection
	GlobalSection(ProjectConfigurationPlatforms) = postSolution
		{619E9FE0-B767-48CA-A784-8A4EAA7D0FD1}.Debug|x64.ActiveCfg = Debug|x64
		{619E9FE0-B767-48CA-A784-8A4EAA7D0FD1}.Debug|x64.Build.0 = Debug|x64
		{619E9FE0-B767-48CA-A784-8A4EAA7D0FD1}.Debug|x86.ActiveCfg = Debug|Win32
		{619E9FE0-B767-48CA-A784-8A4EAA7D0FD1}.Debug|x86.Build.0 = Debug|Win32
		{619E9FE0-B767-48CA-A784-8A4EAA7D0FD1}.Release|x64.ActiveCfg = Release|x64
		{619E9FE0-B767-48CA-A784-8A4EAA7D0FD1}.Release|x64.Build.0 = Release|x64
		{619E9FE0-B767-48CA-A784-8A4EAA7D0FD1}.Release|x86.ActiveCfg = Release|Win32
		{619E9FE0-B767-48CA-A784-8A4EAA7D0FD1}.Release|x86.Build.0 = Release|Win32
	EndGlobalSection
	GlobalSection(SolutionProperties) = preSolution
		HideSolutionNode = FALSE
	EndGlobalSection
	GlobalSection(ExtensibilityGlobals) = postSolution
		SolutionGuid = {588314D2-9CCE-45EB-88E5-D3DDB6A596C0}
	EndGlobalSection
EndGlobal
